
Microsoft Visual Studio Solution File, Format Version 12.00
# Visual Studio 15
VisualStudioVersion = 15.0.28010.2046
MinimumVisualStudioVersion = 10.0.40219.1
Project("{FAE04EC0-301F-11D3-BF4B-00C04F79EFBC}") = "ConfirmPopUp.Android", "ConfirmPopUp\ConfirmPopUp.Android\ConfirmPopUp.Android.csproj", "{79AFF887-DAEC-4649-9BA4-EAD3E9C58499}"
EndProject
Project("{FAE04EC0-301F-11D3-BF4B-00C04F79EFBC}") = "ConfirmPopUp.iOS", "ConfirmPopUp\ConfirmPopUp.iOS\ConfirmPopUp.iOS.csproj", "{368D64B9-DC67-41C7-8E32-EC7E5DA0E823}"
EndProject
Project("{FAE04EC0-301F-11D3-BF4B-00C04F79EFBC}") = "ConfirmPopUp", "ConfirmPopUp\ConfirmPopUp\ConfirmPopUp.csproj", "{BC6C54D7-866D-4442-BAE3-4CC1D383CED5}"
EndProject
Global
	GlobalSection(SolutionConfigurationPlatforms) = preSolution
		Ad-Hoc|Any CPU = Ad-Hoc|Any CPU
		Ad-Hoc|iPhone = Ad-Hoc|iPhone
		Ad-Hoc|iPhoneSimulator = Ad-Hoc|iPhoneSimulator
		AppStore|Any CPU = AppStore|Any CPU
		AppStore|iPhone = AppStore|iPhone
		AppStore|iPhoneSimulator = AppStore|iPhoneSimulator
		Debug|Any CPU = Debug|Any CPU
		Debug|iPhone = Debug|iPhone
		Debug|iPhoneSimulator = Debug|iPhoneSimulator
		Release|Any CPU = Release|Any CPU
		Release|iPhone = Release|iPhone
		Release|iPhoneSimulator = Release|iPhoneSimulator
	EndGlobalSection
	GlobalSection(ProjectConfigurationPlatforms) = postSolution
		{79AFF887-DAEC-4649-9BA4-EAD3E9C58499}.Ad-Hoc|Any CPU.ActiveCfg = Release|Any CPU
		{79AFF887-DAEC-4649-9BA4-EAD3E9C58499}.Ad-Hoc|Any CPU.Build.0 = Release|Any CPU
		{79AFF887-DAEC-4649-9BA4-EAD3E9C58499}.Ad-Hoc|Any CPU.Deploy.0 = Release|Any CPU
		{79AFF887-DAEC-4649-9BA4-EAD3E9C58499}.Ad-Hoc|iPhone.ActiveCfg = Release|Any CPU
		{79AFF887-DAEC-4649-9BA4-EAD3E9C58499}.Ad-Hoc|iPhone.Build.0 = Release|Any CPU
		{79AFF887-DAEC-4649-9BA4-EAD3E9C58499}.Ad-Hoc|iPhone.Deploy.0 = Release|Any CPU
		{79AFF887-DAEC-4649-9BA4-EAD3E9C58499}.Ad-Hoc|iPhoneSimulator.ActiveCfg = Release|Any CPU
		{79AFF887-DAEC-4649-9BA4-EAD3E9C58499}.Ad-Hoc|iPhoneSimulator.Build.0 = Release|Any CPU
		{79AFF887-DAEC-4649-9BA4-EAD3E9C58499}.Ad-Hoc|iPhoneSimulator.Deploy.0 = Release|Any CPU
		{79AFF887-DAEC-4649-9BA4-EAD3E9C58499}.AppStore|Any CPU.ActiveCfg = Release|Any CPU
		{79AFF887-DAEC-4649-9BA4-EAD3E9C58499}.AppStore|Any CPU.Build.0 = Release|Any CPU
		{79AFF887-DAEC-4649-9BA4-EAD3E9C58499}.AppStore|Any CPU.Deploy.0 = Release|Any CPU
		{79AFF887-DAEC-4649-9BA4-EAD3E9C58499}.AppStore|iPhone.ActiveCfg = Release|Any CPU
		{79AFF887-DAEC-4649-9BA4-EAD3E9C58499}.AppStore|iPhone.Build.0 = Release|Any CPU
		{79AFF887-DAEC-4649-9BA4-EAD3E9C58499}.AppStore|iPhone.Deploy.0 = Release|Any CPU
		{79AFF887-DAEC-4649-9BA4-EAD3E9C58499}.AppStore|iPhoneSimulator.ActiveCfg = Release|Any CPU
		{79AFF887-DAEC-4649-9BA4-EAD3E9C58499}.AppStore|iPhoneSimulator.Build.0 = Release|Any CPU
		{79AFF887-DAEC-4649-9BA4-EAD3E9C58499}.AppStore|iPhoneSimulator.Deploy.0 = Release|Any CPU
		{79AFF887-DAEC-4649-9BA4-EAD3E9C58499}.Debug|Any CPU.ActiveCfg = Debug|Any CPU
		{79AFF887-DAEC-4649-9BA4-EAD3E9C58499}.Debug|Any CPU.Build.0 = Debug|Any CPU
		{79AFF887-DAEC-4649-9BA4-EAD3E9C58499}.Debug|Any CPU.Deploy.0 = Debug|Any CPU
		{79AFF887-DAEC-4649-9BA4-EAD3E9C58499}.Debug|iPhone.ActiveCfg = Debug|Any CPU
		{79AFF887-DAEC-4649-9BA4-EAD3E9C58499}.Debug|iPhone.Build.0 = Debug|Any CPU
		{79AFF887-DAEC-4649-9BA4-EAD3E9C58499}.Debug|iPhone.Deploy.0 = Debug|Any CPU
		{79AFF887-DAEC-4649-9BA4-EAD3E9C58499}.Debug|iPhoneSimulator.ActiveCfg = Debug|Any CPU
		{79AFF887-DAEC-4649-9BA4-EAD3E9C58499}.Debug|iPhoneSimulator.Build.0 = Debug|Any CPU
		{79AFF887-DAEC-4649-9BA4-EAD3E9C58499}.Debug|iPhoneSimulator.Deploy.0 = Debug|Any CPU
		{79AFF887-DAEC-4649-9BA4-EAD3E9C58499}.Release|Any CPU.ActiveCfg = Release|Any CPU
		{79AFF887-DAEC-4649-9BA4-EAD3E9C58499}.Release|Any CPU.Build.0 = Release|Any CPU
		{79AFF887-DAEC-4649-9BA4-EAD3E9C58499}.Release|Any CPU.Deploy.0 = Release|Any CPU
		{79AFF887-DAEC-4649-9BA4-EAD3E9C58499}.Release|iPhone.ActiveCfg = Release|Any CPU
		{79AFF887-DAEC-4649-9BA4-EAD3E9C58499}.Release|iPhone.Build.0 = Release|Any CPU
		{79AFF887-DAEC-4649-9BA4-EAD3E9C58499}.Release|iPhone.Deploy.0 = Release|Any CPU
		{79AFF887-DAEC-4649-9BA4-EAD3E9C58499}.Release|iPhoneSimulator.ActiveCfg = Release|Any CPU
		{79AFF887-DAEC-4649-9BA4-EAD3E9C58499}.Release|iPhoneSimulator.Build.0 = Release|Any CPU
		{79AFF887-DAEC-4649-9BA4-EAD3E9C58499}.Release|iPhoneSimulator.Deploy.0 = Release|Any CPU
		{368D64B9-DC67-41C7-8E32-EC7E5DA0E823}.Ad-Hoc|Any CPU.ActiveCfg = Ad-Hoc|iPhone
		{368D64B9-DC67-41C7-8E32-EC7E5DA0E823}.Ad-Hoc|Any CPU.Build.0 = Ad-Hoc|iPhone
		{368D64B9-DC67-41C7-8E32-EC7E5DA0E823}.Ad-Hoc|Any CPU.Deploy.0 = Ad-Hoc|iPhone
		{368D64B9-DC67-41C7-8E32-EC7E5DA0E823}.Ad-Hoc|iPhone.ActiveCfg = Ad-Hoc|iPhone
		{368D64B9-DC67-41C7-8E32-EC7E5DA0E823}.Ad-Hoc|iPhone.Build.0 = Ad-Hoc|iPhone
		{368D64B9-DC67-41C7-8E32-EC7E5DA0E823}.Ad-Hoc|iPhone.Deploy.0 = Ad-Hoc|iPhone
		{368D64B9-DC67-41C7-8E32-EC7E5DA0E823}.Ad-Hoc|iPhoneSimulator.ActiveCfg = Ad-Hoc|iPhoneSimulator
		{368D64B9-DC67-41C7-8E32-EC7E5DA0E823}.Ad-Hoc|iPhoneSimulator.Build.0 = Ad-Hoc|iPhoneSimulator
		{368D64B9-DC67-41C7-8E32-EC7E5DA0E823}.Ad-Hoc|iPhoneSimulator.Deploy.0 = Ad-Hoc|iPhoneSimulator
		{368D64B9-DC67-41C7-8E32-EC7E5DA0E823}.AppStore|Any CPU.ActiveCfg = AppStore|iPhone
		{368D64B9-DC67-41C7-8E32-EC7E5DA0E823}.AppStore|Any CPU.Build.0 = AppStore|iPhone
		{368D64B9-DC67-41C7-8E32-EC7E5DA0E823}.AppStore|Any CPU.Deploy.0 = AppStore|iPhone
		{368D64B9-DC67-41C7-8E32-EC7E5DA0E823}.AppStore|iPhone.ActiveCfg = AppStore|iPhone
		{368D64B9-DC67-41C7-8E32-EC7E5DA0E823}.AppStore|iPhone.Build.0 = AppStore|iPhone
		{368D64B9-DC67-41C7-8E32-EC7E5DA0E823}.AppStore|iPhone.Deploy.0 = AppStore|iPhone
		{368D64B9-DC67-41C7-8E32-EC7E5DA0E823}.AppStore|iPhoneSimulator.ActiveCfg = AppStore|iPhoneSimulator
		{368D64B9-DC67-41C7-8E32-EC7E5DA0E823}.AppStore|iPhoneSimulator.Build.0 = AppStore|iPhoneSimulator
		{368D64B9-DC67-41C7-8E32-EC7E5DA0E823}.AppStore|iPhoneSimulator.Deploy.0 = AppStore|iPhoneSimulator
		{368D64B9-DC67-41C7-8E32-EC7E5DA0E823}.Debug|Any CPU.ActiveCfg = Debug|iPhoneSimulator
		{368D64B9-DC67-41C7-8E32-EC7E5DA0E823}.Debug|Any CPU.Build.0 = Debug|iPhoneSimulator
		{368D64B9-DC67-41C7-8E32-EC7E5DA0E823}.Debug|Any CPU.Deploy.0 = Debug|iPhoneSimulator
		{368D64B9-DC67-41C7-8E32-EC7E5DA0E823}.Debug|iPhone.ActiveCfg = Debug|iPhone
		{368D64B9-DC67-41C7-8E32-EC7E5DA0E823}.Debug|iPhone.Build.0 = Debug|iPhone
		{368D64B9-DC67-41C7-8E32-EC7E5DA0E823}.Debug|iPhone.Deploy.0 = Debug|iPhone
		{368D64B9-DC67-41C7-8E32-EC7E5DA0E823}.Debug|iPhoneSimulator.ActiveCfg = Debug|iPhoneSimulator
		{368D64B9-DC67-41C7-8E32-EC7E5DA0E823}.Debug|iPhoneSimulator.Build.0 = Debug|iPhoneSimulator
		{368D64B9-DC67-41C7-8E32-EC7E5DA0E823}.Debug|iPhoneSimulator.Deploy.0 = Debug|iPhoneSimulator
		{368D64B9-DC67-41C7-8E32-EC7E5DA0E823}.Release|Any CPU.ActiveCfg = Release|iPhone
		{368D64B9-DC67-41C7-8E32-EC7E5DA0E823}.Release|Any CPU.Build.0 = Release|iPhone
		{368D64B9-DC67-41C7-8E32-EC7E5DA0E823}.Release|Any CPU.Deploy.0 = Release|iPhone
		{368D64B9-DC67-41C7-8E32-EC7E5DA0E823}.Release|iPhone.ActiveCfg = Release|iPhone
		{368D64B9-DC67-41C7-8E32-EC7E5DA0E823}.Release|iPhone.Build.0 = Release|iPhone
		{368D64B9-DC67-41C7-8E32-EC7E5DA0E823}.Release|iPhone.Deploy.0 = Release|iPhone
		{368D64B9-DC67-41C7-8E32-EC7E5DA0E823}.Release|iPhoneSimulator.ActiveCfg = Release|iPhoneSimulator
		{368D64B9-DC67-41C7-8E32-EC7E5DA0E823}.Release|iPhoneSimulator.Build.0 = Release|iPhoneSimulator
		{368D64B9-DC67-41C7-8E32-EC7E5DA0E823}.Release|iPhoneSimulator.Deploy.0 = Release|iPhoneSimulator
		{BC6C54D7-866D-4442-BAE3-4CC1D383CED5}.Ad-Hoc|Any CPU.ActiveCfg = Debug|Any CPU
		{BC6C54D7-866D-4442-BAE3-4CC1D383CED5}.Ad-Hoc|Any CPU.Build.0 = Debug|Any CPU
		{BC6C54D7-866D-4442-BAE3-4CC1D383CED5}.Ad-Hoc|Any CPU.Deploy.0 = Debug|Any CPU
		{BC6C54D7-866D-4442-BAE3-4CC1D383CED5}.Ad-Hoc|iPhone.ActiveCfg = Debug|Any CPU
		{BC6C54D7-866D-4442-BAE3-4CC1D383CED5}.Ad-Hoc|iPhone.Build.0 = Debug|Any CPU
		{BC6C54D7-866D-4442-BAE3-4CC1D383CED5}.Ad-Hoc|iPhone.Deploy.0 = Debug|Any CPU
		{BC6C54D7-866D-4442-BAE3-4CC1D383CED5}.Ad-Hoc|iPhoneSimulator.ActiveCfg = Debug|Any CPU
		{BC6C54D7-866D-4442-BAE3-4CC1D383CED5}.Ad-Hoc|iPhoneSimulator.Build.0 = Debug|Any CPU
		{BC6C54D7-866D-4442-BAE3-4CC1D383CED5}.Ad-Hoc|iPhoneSimulator.Deploy.0 = Debug|Any CPU
		{BC6C54D7-866D-4442-BAE3-4CC1D383CED5}.AppStore|Any CPU.ActiveCfg = Debug|Any CPU
		{BC6C54D7-866D-4442-BAE3-4CC1D383CED5}.AppStore|Any CPU.Build.0 = Debug|Any CPU
		{BC6C54D7-866D-4442-BAE3-4CC1D383CED5}.AppStore|Any CPU.Deploy.0 = Debug|Any CPU
		{BC6C54D7-866D-4442-BAE3-4CC1D383CED5}.AppStore|iPhone.ActiveCfg = Debug|Any CPU
		{BC6C54D7-866D-4442-BAE3-4CC1D383CED5}.AppStore|iPhone.Build.0 = Debug|Any CPU
		{BC6C54D7-866D-4442-BAE3-4CC1D383CED5}.AppStore|iPhone.Deploy.0 = Debug|Any CPU
		{BC6C54D7-866D-4442-BAE3-4CC1D383CED5}.AppStore|iPhoneSimulator.ActiveCfg = Debug|Any CPU
		{BC6C54D7-866D-4442-BAE3-4CC1D383CED5}.AppStore|iPhoneSimulator.Build.0 = Debug|Any CPU
		{BC6C54D7-866D-4442-BAE3-4CC1D383CED5}.AppStore|iPhoneSimulator.Deploy.0 = Debug|Any CPU
		{BC6C54D7-866D-4442-BAE3-4CC1D383CED5}.Debug|Any CPU.ActiveCfg = Debug|Any CPU
		{BC6C54D7-866D-4442-BAE3-4CC1D383CED5}.Debug|Any CPU.Build.0 = Debug|Any CPU
		{BC6C54D7-866D-4442-BAE3-4CC1D383CED5}.Debug|Any CPU.Deploy.0 = Debug|Any CPU
		{BC6C54D7-866D-4442-BAE3-4CC1D383CED5}.Debug|iPhone.ActiveCfg = Debug|Any CPU
		{BC6C54D7-866D-4442-BAE3-4CC1D383CED5}.Debug|iPhone.Build.0 = Debug|Any CPU
		{BC6C54D7-866D-4442-BAE3-4CC1D383CED5}.Debug|iPhone.Deploy.0 = Debug|Any CPU
		{BC6C54D7-866D-4442-BAE3-4CC1D383CED5}.Debug|iPhoneSimulator.ActiveCfg = Debug|Any CPU
		{BC6C54D7-866D-4442-BAE3-4CC1D383CED5}.Debug|iPhoneSimulator.Build.0 = Debug|Any CPU
		{BC6C54D7-866D-4442-BAE3-4CC1D383CED5}.Debug|iPhoneSimulator.Deploy.0 = Debug|Any CPU
		{BC6C54D7-866D-4442-BAE3-4CC1D383CED5}.Release|Any CPU.ActiveCfg = Release|Any CPU
		{BC6C54D7-866D-4442-BAE3-4CC1D383CED5}.Release|Any CPU.Build.0 = Release|Any CPU
		{BC6C54D7-866D-4442-BAE3-4CC1D383CED5}.Release|Any CPU.Deploy.0 = Release|Any CPU
		{BC6C54D7-866D-4442-BAE3-4CC1D383CED5}.Release|iPhone.ActiveCfg = Release|Any CPU
		{BC6C54D7-866D-4442-BAE3-4CC1D383CED5}.Release|iPhone.Build.0 = Release|Any CPU
		{BC6C54D7-866D-4442-BAE3-4CC1D383CED5}.Release|iPhone.Deploy.0 = Release|Any CPU
		{BC6C54D7-866D-4442-BAE3-4CC1D383CED5}.Release|iPhoneSimulator.ActiveCfg = Release|Any CPU
		{BC6C54D7-866D-4442-BAE3-4CC1D383CED5}.Release|iPhoneSimulator.Build.0 = Release|Any CPU
		{BC6C54D7-866D-4442-BAE3-4CC1D383CED5}.Release|iPhoneSimulator.Deploy.0 = Release|Any CPU
	EndGlobalSection
	GlobalSection(SolutionProperties) = preSolution
		HideSolutionNode = FALSE
	EndGlobalSection
	GlobalSection(ExtensibilityGlobals) = postSolution
		SolutionGuid = {A881B435-9128-4B99-B36D-F9527AFA80C5}
	EndGlobalSection
EndGlobal
